{"format_version":"1.2","terraform_version":"1.9.0","planned_values":{"root_module":{"resources":[{"address":"local_file.banana","mode":"managed","type":"local_file","name":"banana","provider_name":"registry.opentofu.org/hashicorp/local","schema_version":0,"values":{"content":"banana!","content_base64":null,"directory_permission":"0777","file_permission":"0777","filename":"./banana.txt","sensitive_content":null,"source":null},"sensitive_values":{}},{"address":"local_sensitive_file.apple","mode":"managed","type":"local_sensitive_file","name":"apple","provider_name":"registry.opentofu.org/hashicorp/local","schema_version":0,"values":{"content":"foo!","content_base64":null,"directory_permission":"0700","file_permission":"0700","filename":"./apple.txt","source":null},"sensitive_values":{"content":true,"content_base64":true}},{"address":"null_resource.orange","mode":"managed","type":"null_resource","name":"orange","provider_name":"registry.opentofu.org/hashicorp/null","schema_version":0,"values":{"triggers":null},"sensitive_values":{}},{"address":"random_pet.pear","mode":"managed","type":"random_pet","name":"pear","provider_name":"registry.opentofu.org/hashicorp/random","schema_version":0,"values":{"keepers":null,"length":2,"prefix":null,"separator":"-"},"sensitive_values":{}}]}},"resource_changes":[{"address":"local_file.banana","mode":"managed","type":"local_file","name":"banana","provider_name":"registry.opentofu.org/hashicorp/local","change":{"actions":["delete","create"],"before":{"content":"bar!","content_base64":null,"content_base64sha256":"5oe3SfLNk2FZI6L3Bfqs5AM/NdV8z8plLNw5YWqUo8I=","content_base64sha512":"VsefHG45EmC85EGPSPpysV0kAveNz+q1rVoPqeeCbQQvU0uqL2FVcWPb8rOkDU9mk2y4Tj/XME5p+8h1nWC5+Q==","content_md5":"bb0d3e2eb8e78f4a10d55415e8e4677f","content_sha1":"3811e1a645e5371113584e6d18ff4843378ae590","content_sha256":"e687b749f2cd93615923a2f705faace4033f35d57ccfca652cdc39616a94a3c2","content_sha512":"56c79f1c6e391260bce4418f48fa72b15d2402f78dcfeab5ad5a0fa9e7826d042f534baa2f61557163dbf2b3a40d4f66936cb84e3fd7304e69fbc8759d60b9f9","directory_permission":"0777","file_permission":"0777","filename":"./banana.txt","id":"3811e1a645e5371113584e6d18ff4843378ae590","sensitive_content":null,"source":null},"after":{"content":"banana!","content_base64":null,"directory_permission":"0777","file_permission":"0777","filename":"./banana.txt","sensitive_content":null,"source":null},"after_unknown":{"content_base64sha256":true,"content_base64sha512":true,"content_md5":true,"content_sha1":true,"content_sha256":true,"content_sha512":true,"id":true},"before_sensitive":{"sensitive_content":true},"after_sensitive":{"sensitive_content":true},"replace_paths":[["content"]]},"action_reason":"replace_because_cannot_update"},{"address":"local_sensitive_file.apple","mode":"managed","type":"local_sensitive_file","name":"apple","provider_name":"registry.opentofu.org/hashicorp/local","change":{"actions":["create"],"before":null,"after":{"content":"foo!","content_base64":null,"directory_permission":"0700","file_permission":"0700","filename":"./apple.txt","source":null},"after_unknown":{"content_base64sha256":true,"content_base64sha512":true,"content_md5":true,"content_sha1":true,"content_sha256":true,"content_sha512":true,"id":true},"before_sensitive":false,"after_sensitive":{"content":true,"content_base64":true}}},{"address":"null_resource.orange","mode":"managed","type":"null_resource","name":"orange","provider_name":"registry.opentofu.org/hashicorp/null","change":{"actions":["create"],"before":null,"after":{"triggers":null},"after_unknown":{"id":true},"before_sensitive":false,"after_sensitive":{}}},{"address":"random_pet.pear","mode":"managed","type":"random_pet","name":"pear","provider_name":"registry.opentofu.org/hashicorp/random","change":{"actions":["create"],"before":null,"after":{"keepers":null,"length":2,"prefix":null,"separator":"-"},"after_unknown":{"id":true},"before_sensitive":false,"after_sensitive":{}}},{"address":"random_string.pineapple","mode":"managed","type":"random_string","name":"pineapple","provider_name":"registry.opentofu.org/hashicorp/random","change":{"actions":["delete"],"before":{"id":")BHpG5-m*OJdvU@{","keepers":null,"length":16,"lower":true,"min_lower":0,"min_numeric":0,"min_special":0,"min_upper":0,"number":true,"numeric":true,"override_special":null,"result":")BHpG5-m*OJdvU@{","special":true,"upper":true},"after":null,"after_unknown":{},"before_sensitive":{},"after_sensitive":false},"action_reason":"delete_because_no_resource_config"}],"prior_state":{"format_version":"1.0","terraform_version":"1.9.0","values":{"root_module":{"resources":[{"address":"local_file.banana","mode":"managed","type":"local_file","name":"banana","provider_name":"registry.opentofu.org/hashicorp/local","schema_version":0,"values":{"content":"bar!","content_base64":null,"content_base64sha256":"5oe3SfLNk2FZI6L3Bfqs5AM/NdV8z8plLNw5YWqUo8I=","content_base64sha512":"VsefHG45EmC85EGPSPpysV0kAveNz+q1rVoPqeeCbQQvU0uqL2FVcWPb8rOkDU9mk2y4Tj/XME5p+8h1nWC5+Q==","content_md5":"bb0d3e2eb8e78f4a10d55415e8e4677f","content_sha1":"3811e1a645e5371113584e6d18ff4843378ae590","content_sha256":"e687b749f2cd93615923a2f705faace4033f35d57ccfca652cdc39616a94a3c2","content_sha512":"56c79f1c6e391260bce4418f48fa72b15d2402f78dcfeab5ad5a0fa9e7826d042f534baa2f61557163dbf2b3a40d4f66936cb84e3fd7304e69fbc8759d60b9f9","directory_permission":"0777","file_permission":"0777","filename":"./banana.txt","id":"3811e1a645e5371113584e6d18ff4843378ae590","sensitive_content":null,"source":null},"sensitive_values":{"sensitive_content":true}},{"address":"random_string.pineapple","mode":"managed","type":"random_string","name":"pineapple","provider_name":"registry.opentofu.org/hashicorp/random","schema_version":2,"values":{"id":")BHpG5-m*OJdvU@{","keepers":null,"length":16,"lower":true,"min_lower":0,"min_numeric":0,"min_special":0,"min_upper":0,"number":true,"numeric":true,"override_special":null,"result":")BHpG5-m*OJdvU@{","special":true,"upper":true},"sensitive_values":{}}]}}},"configuration":{"provider_config":{"local":{"name":"local","full_name":"registry.opentofu.org/hashicorp/local"},"null":{"name":"null","full_name":"registry.opentofu.org/hashicorp/null"},"random":{"name":"random","full_name":"registry.opentofu.org/hashicorp/random"}},"root_module":{"resources":[{"address":"local_file.banana","mode":"managed","type":"local_file","name":"banana","provider_config_key":"local","expressions":{"content":{"constant_value":"banana!"},"filename":{"references":["path.module"]}},"schema_version":0},{"address":"local_sensitive_file.apple","mode":"managed","type":"local_sensitive_file","name":"apple","provider_config_key":"local","expressions":{"content":{"constant_value":"foo!"},"filename":{"references":["path.module"]}},"schema_version":0},{"address":"null_resource.orange","mode":"managed","type":"null_resource","name":"orange","provider_config_key":"null","provisioners":[{"type":"local-exec","expressions":{"command":{"constant_value":"echo orange"}}}],"schema_version":0},{"address":"random_pet.pear","mode":"managed","type":"random_pet","name":"pear","provider_config_key":"random","schema_version":0}]}},"timestamp":"2025-04-25T01:38:13Z","errored":false}
